// !$*UTF8*$!
{
	archiveVersion = 1;
	classes = {
	};
	objectVersion = 55;
	objects = {

/* Begin PBXBuildFile section */
		713F8EFB28F0153E002E4D05 /* BasketViewController.swift in Sources */ = {isa = PBXBuildFile; fileRef = 713F8EFA28F0153E002E4D05 /* BasketViewController.swift */; };
		713F8EFD28F0155D002E4D05 /* SearchViewController.swift in Sources */ = {isa = PBXBuildFile; fileRef = 713F8EFC28F0155D002E4D05 /* SearchViewController.swift */; };
		713F8EFF28F01592002E4D05 /* PersonViewController.swift in Sources */ = {isa = PBXBuildFile; fileRef = 713F8EFE28F01592002E4D05 /* PersonViewController.swift */; };
		71514D2028F566E10001A2B8 /* MainTabBarViewController.swift in Sources */ = {isa = PBXBuildFile; fileRef = 71514D1F28F566E10001A2B8 /* MainTabBarViewController.swift */; };
		7154A55E28F1E301005557CA /* InfoProductViewController.swift in Sources */ = {isa = PBXBuildFile; fileRef = 7154A55D28F1E301005557CA /* InfoProductViewController.swift */; };
		7154A56028F21EC3005557CA /* Assets.xcassets in Resources */ = {isa = PBXBuildFile; fileRef = 7154A55F28F21EC3005557CA /* Assets.xcassets */; };
		715D2AAC28F5DCA0008F7103 /* WebViewController.swift in Sources */ = {isa = PBXBuildFile; fileRef = 715D2AAB28F5DCA0008F7103 /* WebViewController.swift */; };
		7169AA1028F013A600920F27 /* AppDelegate.swift in Sources */ = {isa = PBXBuildFile; fileRef = 7169AA0F28F013A600920F27 /* AppDelegate.swift */; };
		7169AA1228F013A600920F27 /* SceneDelegate.swift in Sources */ = {isa = PBXBuildFile; fileRef = 7169AA1128F013A600920F27 /* SceneDelegate.swift */; };
		7169AA1428F013A600920F27 /* BuyViewController.swift in Sources */ = {isa = PBXBuildFile; fileRef = 7169AA1328F013A600920F27 /* BuyViewController.swift */; };
		7169AA1C28F013A800920F27 /* LaunchScreen.storyboard in Resources */ = {isa = PBXBuildFile; fileRef = 7169AA1A28F013A800920F27 /* LaunchScreen.storyboard */; };
		717948AB28F2F7CA0012B8B4 /* Main.storyboard in Resources */ = {isa = PBXBuildFile; fileRef = 717948AA28F2F7CA0012B8B4 /* Main.storyboard */; };
		717948AD28F2F8E30012B8B4 /* Colors.xcassets in Resources */ = {isa = PBXBuildFile; fileRef = 717948AC28F2F8E30012B8B4 /* Colors.xcassets */; };
/* End PBXBuildFile section */

/* Begin PBXFileReference section */
		713F8EFA28F0153E002E4D05 /* BasketViewController.swift */ = {isa = PBXFileReference; lastKnownFileType = sourcecode.swift; path = BasketViewController.swift; sourceTree = "<group>"; };
		713F8EFC28F0155D002E4D05 /* SearchViewController.swift */ = {isa = PBXFileReference; lastKnownFileType = sourcecode.swift; path = SearchViewController.swift; sourceTree = "<group>"; };
		713F8EFE28F01592002E4D05 /* PersonViewController.swift */ = {isa = PBXFileReference; lastKnownFileType = sourcecode.swift; path = PersonViewController.swift; sourceTree = "<group>"; };
		71514D1F28F566E10001A2B8 /* MainTabBarViewController.swift */ = {isa = PBXFileReference; lastKnownFileType = sourcecode.swift; path = MainTabBarViewController.swift; sourceTree = "<group>"; };
		7154A55D28F1E301005557CA /* InfoProductViewController.swift */ = {isa = PBXFileReference; lastKnownFileType = sourcecode.swift; path = InfoProductViewController.swift; sourceTree = "<group>"; };
		7154A55F28F21EC3005557CA /* Assets.xcassets */ = {isa = PBXFileReference; lastKnownFileType = folder.assetcatalog; name = Assets.xcassets; path = "../../../../../Library/Mobile Documents/com~apple~CloudDocs/.Trash/Assets.xcassets"; sourceTree = "<group>"; };
		715D2AAB28F5DCA0008F7103 /* WebViewController.swift */ = {isa = PBXFileReference; lastKnownFileType = sourcecode.swift; path = WebViewController.swift; sourceTree = "<group>"; };
		7169AA0C28F013A600920F27 /* storeProjectHW.app */ = {isa = PBXFileReference; explicitFileType = wrapper.application; includeInIndex = 0; path = storeProjectHW.app; sourceTree = BUILT_PRODUCTS_DIR; };
		7169AA0F28F013A600920F27 /* AppDelegate.swift */ = {isa = PBXFileReference; lastKnownFileType = sourcecode.swift; path = AppDelegate.swift; sourceTree = "<group>"; };
		7169AA1128F013A600920F27 /* SceneDelegate.swift */ = {isa = PBXFileReference; lastKnownFileType = sourcecode.swift; path = SceneDelegate.swift; sourceTree = "<group>"; };
		7169AA1328F013A600920F27 /* BuyViewController.swift */ = {isa = PBXFileReference; lastKnownFileType = sourcecode.swift; path = BuyViewController.swift; sourceTree = "<group>"; };
		7169AA1B28F013A800920F27 /* Base */ = {isa = PBXFileReference; lastKnownFileType = file.storyboard; name = Base; path = Base.lproj/LaunchScreen.storyboard; sourceTree = "<group>"; };
		7169AA1D28F013A800920F27 /* Info.plist */ = {isa = PBXFileReference; lastKnownFileType = text.plist.xml; path = Info.plist; sourceTree = "<group>"; };
		717948AA28F2F7CA0012B8B4 /* Main.storyboard */ = {isa = PBXFileReference; fileEncoding = 4; lastKnownFileType = file.storyboard; name = Main.storyboard; path = "../../../../../Library/Mobile Documents/com~apple~CloudDocs/.Trash/Main.storyboard"; sourceTree = "<group>"; };
		717948AC28F2F8E30012B8B4 /* Colors.xcassets */ = {isa = PBXFileReference; lastKnownFileType = folder.assetcatalog; path = Colors.xcassets; sourceTree = "<group>"; };
/* End PBXFileReference section */

/* Begin PBXFrameworksBuildPhase section */
		7169AA0928F013A600920F27 /* Frameworks */ = {
			isa = PBXFrameworksBuildPhase;
			buildActionMask = 2147483647;
			files = (
			);
			runOnlyForDeploymentPostprocessing = 0;
		};
/* End PBXFrameworksBuildPhase section */

/* Begin PBXGroup section */
		7169AA0328F013A600920F27 = {
			isa = PBXGroup;
			children = (
				7169AA0E28F013A600920F27 /* storeProjectHW */,
				7169AA0D28F013A600920F27 /* Products */,
			);
			sourceTree = "<group>";
		};
		7169AA0D28F013A600920F27 /* Products */ = {
			isa = PBXGroup;
			children = (
				7169AA0C28F013A600920F27 /* storeProjectHW.app */,
			);
			name = Products;
			sourceTree = "<group>";
		};
		7169AA0E28F013A600920F27 /* storeProjectHW */ = {
			isa = PBXGroup;
			children = (
				7169AA0F28F013A600920F27 /* AppDelegate.swift */,
				7169AA1128F013A600920F27 /* SceneDelegate.swift */,
				7169AA1328F013A600920F27 /* BuyViewController.swift */,
				713F8EFA28F0153E002E4D05 /* BasketViewController.swift */,
				713F8EFE28F01592002E4D05 /* PersonViewController.swift */,
				713F8EFC28F0155D002E4D05 /* SearchViewController.swift */,
				71514D1F28F566E10001A2B8 /* MainTabBarViewController.swift */,
				7154A55D28F1E301005557CA /* InfoProductViewController.swift */,
				715D2AAB28F5DCA0008F7103 /* WebViewController.swift */,
				7169AA1A28F013A800920F27 /* LaunchScreen.storyboard */,
				7154A55F28F21EC3005557CA /* Assets.xcassets */,
				717948AC28F2F8E30012B8B4 /* Colors.xcassets */,
				717948AA28F2F7CA0012B8B4 /* Main.storyboard */,
				7169AA1D28F013A800920F27 /* Info.plist */,
			);
			path = storeProjectHW;
			sourceTree = "<group>";
		};
/* End PBXGroup section */

/* Begin PBXNativeTarget section */
		7169AA0B28F013A600920F27 /* storeProjectHW */ = {
			isa = PBXNativeTarget;
			buildConfigurationList = 7169AA2028F013A800920F27 /* Build configuration list for PBXNativeTarget "storeProjectHW" */;
			buildPhases = (
				7169AA0828F013A600920F27 /* Sources */,
				7169AA0928F013A600920F27 /* Frameworks */,
				7169AA0A28F013A600920F27 /* Resources */,
				713F8F0028F015B1002E4D05 /* ShellScript */,
			);
			buildRules = (
			);
			dependencies = (
			);
			name = storeProjectHW;
			productName = storeProjectHW;
			productReference = 7169AA0C28F013A600920F27 /* storeProjectHW.app */;
			productType = "com.apple.product-type.application";
		};
/* End PBXNativeTarget section */

/* Begin PBXProject section */
		7169AA0428F013A600920F27 /* Project object */ = {
			isa = PBXProject;
			attributes = {
				BuildIndependentTargetsInParallel = 1;
				LastSwiftUpdateCheck = 1340;
				LastUpgradeCheck = 1340;
				TargetAttributes = {
					7169AA0B28F013A600920F27 = {
						CreatedOnToolsVersion = 13.4.1;
					};
				};
			};
			buildConfigurationList = 7169AA0728F013A600920F27 /* Build configuration list for PBXProject "storeProjectHW" */;
			compatibilityVersion = "Xcode 13.0";
			developmentRegion = en;
			hasScannedForEncodings = 0;
			knownRegions = (
				en,
				Base,
			);
			mainGroup = 7169AA0328F013A600920F27;
			productRefGroup = 7169AA0D28F013A600920F27 /* Products */;
			projectDirPath = "";
			projectRoot = "";
			targets = (
				7169AA0B28F013A600920F27 /* storeProjectHW */,
			);
		};
/* End PBXProject section */

/* Begin PBXResourcesBuildPhase section */
		7169AA0A28F013A600920F27 /* Resources */ = {
			isa = PBXResourcesBuildPhase;
			buildActionMask = 2147483647;
			files = (
				717948AB28F2F7CA0012B8B4 /* Main.storyboard in Resources */,
				717948AD28F2F8E30012B8B4 /* Colors.xcassets in Resources */,
				7169AA1C28F013A800920F27 /* LaunchScreen.storyboard in Resources */,
				7154A56028F21EC3005557CA /* Assets.xcassets in Resources */,
			);
			runOnlyForDeploymentPostprocessing = 0;
		};
/* End PBXResourcesBuildPhase section */

/* Begin PBXShellScriptBuildPhase section */
		713F8F0028F015B1002E4D05 /* ShellScript */ = {
			isa = PBXShellScriptBuildPhase;
			buildActionMask = 2147483647;
			files = (
			);
			inputFileListPaths = (
			);
			inputPaths = (
			);
			outputFileListPaths = (
			);
			outputPaths = (
			);
			runOnlyForDeploymentPostprocessing = 0;
			shellPath = /bin/sh;
			shellScript = "# Type a script or drag a script file from your workspace to insert its path.\nif which swiftlint > /dev/null; then\n  swiftlint\nelse\n  echo \"warning: SwiftLint not installed, download from https://github.com/realm/SwiftLint\"\nfi\n";
		};
/* End PBXShellScriptBuildPhase section */

/* Begin PBXSourcesBuildPhase section */
		7169AA0828F013A600920F27 /* Sources */ = {
			isa = PBXSourcesBuildPhase;
			buildActionMask = 2147483647;
			files = (
				7154A55E28F1E301005557CA /* InfoProductViewController.swift in Sources */,
				715D2AAC28F5DCA0008F7103 /* WebViewController.swift in Sources */,
				713F8EFF28F01592002E4D05 /* PersonViewController.swift in Sources */,
				71514D2028F566E10001A2B8 /* MainTabBarViewController.swift in Sources */,
				713F8EFD28F0155D002E4D05 /* SearchViewController.swift in Sources */,
				7169AA1428F013A600920F27 /* BuyViewController.swift in Sources */,
				7169AA1028F013A600920F27 /* AppDelegate.swift in Sources */,
				713F8EFB28F0153E002E4D05 /* BasketViewController.swift in Sources */,
				7169AA1228F013A600920F27 /* SceneDelegate.swift in Sources */,
			);
			runOnlyForDeploymentPostprocessing = 0;
		};
/* End PBXSourcesBuildPhase section */

/* Begin PBXVariantGroup section */
		7169AA1A28F013A800920F27 /* LaunchScreen.storyboard */ = {
			isa = PBXVariantGroup;
			children = (
				7169AA1B28F013A800920F27 /* Base */,
			);
			name = LaunchScreen.storyboard;
			sourceTree = "<group>";
		};
/* End PBXVariantGroup section */

/* Begin XCBuildConfiguration section */
		7169AA1E28F013A800920F27 /* Debug */ = {
			isa = XCBuildConfiguration;
			buildSettings = {
				ALWAYS_SEARCH_USER_PATHS = NO;
				CLANG_ANALYZER_NONNULL = YES;
				CLANG_ANALYZER_NUMBER_OBJECT_CONVERSION = YES_AGGRESSIVE;
				CLANG_CXX_LANGUAGE_STANDARD = "gnu++17";
				CLANG_ENABLE_MODULES = YES;
				CLANG_ENABLE_OBJC_ARC = YES;
				CLANG_ENABLE_OBJC_WEAK = YES;
				CLANG_WARN_BLOCK_CAPTURE_AUTORELEASING = YES;
				CLANG_WARN_BOOL_CONVERSION = YES;
				CLANG_WARN_COMMA = YES;
				CLANG_WARN_CONSTANT_CONVERSION = YES;
				CLANG_WARN_DEPRECATED_OBJC_IMPLEMENTATIONS = YES;
				CLANG_WARN_DIRECT_OBJC_ISA_USAGE = YES_ERROR;
				CLANG_WARN_DOCUMENTATION_COMMENTS = YES;
				CLANG_WARN_EMPTY_BODY = YES;
				CLANG_WARN_ENUM_CONVERSION = YES;
				CLANG_WARN_INFINITE_RECURSION = YES;
				CLANG_WARN_INT_CONVERSION = YES;
				CLANG_WARN_NON_LITERAL_NULL_CONVERSION = YES;
				CLANG_WARN_OBJC_IMPLICIT_RETAIN_SELF = YES;
				CLANG_WARN_OBJC_LITERAL_CONVERSION = YES;
				CLANG_WARN_OBJC_ROOT_CLASS = YES_ERROR;
				CLANG_WARN_QUOTED_INCLUDE_IN_FRAMEWORK_HEADER = YES;
				CLANG_WARN_RANGE_LOOP_ANALYSIS = YES;
				CLANG_WARN_STRICT_PROTOTYPES = YES;
				CLANG_WARN_SUSPICIOUS_MOVE = YES;
				CLANG_WARN_UNGUARDED_AVAILABILITY = YES_AGGRESSIVE;
				CLANG_WARN_UNREACHABLE_CODE = YES;
				CLANG_WARN__DUPLICATE_METHOD_MATCH = YES;
				COPY_PHASE_STRIP = NO;
				DEBUG_INFORMATION_FORMAT = dwarf;
				ENABLE_STRICT_OBJC_MSGSEND = YES;
				ENABLE_TESTABILITY = YES;
				GCC_C_LANGUAGE_STANDARD = gnu11;
				GCC_DYNAMIC_NO_PIC = NO;
				GCC_NO_COMMON_BLOCKS = YES;
				GCC_OPTIMIZATION_LEVEL = 0;
				GCC_PREPROCESSOR_DEFINITIONS = (
					"DEBUG=1",
					"$(inherited)",
				);
				GCC_WARN_64_TO_32_BIT_CONVERSION = YES;
				GCC_WARN_ABOUT_RETURN_TYPE = YES_ERROR;
				GCC_WARN_UNDECLARED_SELECTOR = YES;
				GCC_WARN_UNINITIALIZED_AUTOS = YES_AGGRESSIVE;
				GCC_WARN_UNUSED_FUNCTION = YES;
				GCC_WARN_UNUSED_VARIABLE = YES;
				IPHONEOS_DEPLOYMENT_TARGET = 15.5;
				MTL_ENABLE_DEBUG_INFO = INCLUDE_SOURCE;
				MTL_FAST_MATH = YES;
				ONLY_ACTIVE_ARCH = YES;
				SDKROOT = iphoneos;
				SWIFT_ACTIVE_COMPILATION_CONDITIONS = DEBUG;
				SWIFT_OPTIMIZATION_LEVEL = "-Onone";
			};
			name = Debug;
		};
		7169AA1F28F013A800920F27 /* Release */ = {
			isa = XCBuildConfiguration;
			buildSettings = {
				ALWAYS_SEARCH_USER_PATHS = NO;
				CLANG_ANALYZER_NONNULL = YES;
				CLANG_ANALYZER_NUMBER_OBJECT_CONVERSION = YES_AGGRESSIVE;
				CLANG_CXX_LANGUAGE_STANDARD = "gnu++17";
				CLANG_ENABLE_MODULES = YES;
				CLANG_ENABLE_OBJC_ARC = YES;
				CLANG_ENABLE_OBJC_WEAK = YES;
				CLANG_WARN_BLOCK_CAPTURE_AUTORELEASING = YES;
				CLANG_WARN_BOOL_CONVERSION = YES;
				CLANG_WARN_COMMA = YES;
				CLANG_WARN_CONSTANT_CONVERSION = YES;
				CLANG_WARN_DEPRECATED_OBJC_IMPLEMENTATIONS = YES;
				CLANG_WARN_DIRECT_OBJC_ISA_USAGE = YES_ERROR;
				CLANG_WARN_DOCUMENTATION_COMMENTS = YES;
				CLANG_WARN_EMPTY_BODY = YES;
				CLANG_WARN_ENUM_CONVERSION = YES;
				CLANG_WARN_INFINITE_RECURSION = YES;
				CLANG_WARN_INT_CONVERSION = YES;
				CLANG_WARN_NON_LITERAL_NULL_CONVERSION = YES;
				CLANG_WARN_OBJC_IMPLICIT_RETAIN_SELF = YES;
				CLANG_WARN_OBJC_LITERAL_CONVERSION = YES;
				CLANG_WARN_OBJC_ROOT_CLASS = YES_ERROR;
				CLANG_WARN_QUOTED_INCLUDE_IN_FRAMEWORK_HEADER = YES;
				CLANG_WARN_RANGE_LOOP_ANALYSIS = YES;
				CLANG_WARN_STRICT_PROTOTYPES = YES;
				CLANG_WARN_SUSPICIOUS_MOVE = YES;
				CLANG_WARN_UNGUARDED_AVAILABILITY = YES_AGGRESSIVE;
				CLANG_WARN_UNREACHABLE_CODE = YES;
				CLANG_WARN__DUPLICATE_METHOD_MATCH = YES;
				COPY_PHASE_STRIP = NO;
				DEBUG_INFORMATION_FORMAT = "dwarf-with-dsym";
				ENABLE_NS_ASSERTIONS = NO;
				ENABLE_STRICT_OBJC_MSGSEND = YES;
				GCC_C_LANGUAGE_STANDARD = gnu11;
				GCC_NO_COMMON_BLOCKS = YES;
				GCC_WARN_64_TO_32_BIT_CONVERSION = YES;
				GCC_WARN_ABOUT_RETURN_TYPE = YES_ERROR;
				GCC_WARN_UNDECLARED_SELECTOR = YES;
				GCC_WARN_UNINITIALIZED_AUTOS = YES_AGGRESSIVE;
				GCC_WARN_UNUSED_FUNCTION = YES;
				GCC_WARN_UNUSED_VARIABLE = YES;
				IPHONEOS_DEPLOYMENT_TARGET = 15.5;
				MTL_ENABLE_DEBUG_INFO = NO;
				MTL_FAST_MATH = YES;
				SDKROOT = iphoneos;
				SWIFT_COMPILATION_MODE = wholemodule;
				SWIFT_OPTIMIZATION_LEVEL = "-O";
				VALIDATE_PRODUCT = YES;
			};
			name = Release;
		};
		7169AA2128F013A800920F27 /* Debug */ = {
			isa = XCBuildConfiguration;
			buildSettings = {
				ASSETCATALOG_COMPILER_APPICON_NAME = AppIcon;
				ASSETCATALOG_COMPILER_GLOBAL_ACCENT_COLOR_NAME = AccentColor;
				CODE_SIGN_STYLE = Automatic;
				CURRENT_PROJECT_VERSION = 1;
				DEVELOPMENT_TEAM = 3ZCQU6CM8M;
				GENERATE_INFOPLIST_FILE = YES;
				INFOPLIST_FILE = storeProjectHW/Info.plist;
				INFOPLIST_KEY_UIApplicationSupportsIndirectInputEvents = YES;
				INFOPLIST_KEY_UILaunchStoryboardName = LaunchScreen;
				INFOPLIST_KEY_UIMainStoryboardFile = Main;
				INFOPLIST_KEY_UISupportedInterfaceOrientations_iPad = "UIInterfaceOrientationPortrait UIInterfaceOrientationPortraitUpsideDown UIInterfaceOrientationLandscapeLeft UIInterfaceOrientationLandscapeRight";
				INFOPLIST_KEY_UISupportedInterfaceOrientations_iPhone = "UIInterfaceOrientationPortrait UIInterfaceOrientationLandscapeLeft UIInterfaceOrientationLandscapeRight";
				LD_RUNPATH_SEARCH_PATHS = (
					"$(inherited)",
					"@executable_path/Frameworks",
				);
				MARKETING_VERSION = 1.0;
				PRODUCT_BUNDLE_IDENTIFIER = ezguga.storeProjectHW;
				PRODUCT_NAME = "$(TARGET_NAME)";
				SWIFT_EMIT_LOC_STRINGS = YES;
				SWIFT_VERSION = 5.0;
				TARGETED_DEVICE_FAMILY = "1,2";
			};
			name = Debug;
		};
		7169AA2228F013A800920F27 /* Release */ = {
			isa = XCBuildConfiguration;
			buildSettings = {
				ASSETCATALOG_COMPILER_APPICON_NAME = AppIcon;
				ASSETCATALOG_COMPILER_GLOBAL_ACCENT_COLOR_NAME = AccentColor;
				CODE_SIGN_STYLE = Automatic;
				CURRENT_PROJECT_VERSION = 1;
				DEVELOPMENT_TEAM = 3ZCQU6CM8M;
				GENERATE_INFOPLIST_FILE = YES;
				INFOPLIST_FILE = storeProjectHW/Info.plist;
				INFOPLIST_KEY_UIApplicationSupportsIndirectInputEvents = YES;
				INFOPLIST_KEY_UILaunchStoryboardName = LaunchScreen;
				INFOPLIST_KEY_UIMainStoryboardFile = Main;
				INFOPLIST_KEY_UISupportedInterfaceOrientations_iPad = "UIInterfaceOrientationPortrait UIInterfaceOrientationPortraitUpsideDown UIInterfaceOrientationLandscapeLeft UIInterfaceOrientationLandscapeRight";
				INFOPLIST_KEY_UISupportedInterfaceOrientations_iPhone = "UIInterfaceOrientationPortrait UIInterfaceOrientationLandscapeLeft UIInterfaceOrientationLandscapeRight";
				LD_RUNPATH_SEARCH_PATHS = (
					"$(inherited)",
					"@executable_path/Frameworks",
				);
				MARKETING_VERSION = 1.0;
				PRODUCT_BUNDLE_IDENTIFIER = ezguga.storeProjectHW;
				PRODUCT_NAME = "$(TARGET_NAME)";
				SWIFT_EMIT_LOC_STRINGS = YES;
				SWIFT_VERSION = 5.0;
				TARGETED_DEVICE_FAMILY = "1,2";
			};
			name = Release;
		};
/* End XCBuildConfiguration section */

/* Begin XCConfigurationList section */
		7169AA0728F013A600920F27 /* Build configuration list for PBXProject "storeProjectHW" */ = {
			isa = XCConfigurationList;
			buildConfigurations = (
				7169AA1E28F013A800920F27 /* Debug */,
				7169AA1F28F013A800920F27 /* Release */,
			);
			defaultConfigurationIsVisible = 0;
			defaultConfigurationName = Release;
		};
		7169AA2028F013A800920F27 /* Build configuration list for PBXNativeTarget "storeProjectHW" */ = {
			isa = XCConfigurationList;
			buildConfigurations = (
				7169AA2128F013A800920F27 /* Debug */,
				7169AA2228F013A800920F27 /* Release */,
			);
			defaultConfigurationIsVisible = 0;
			defaultConfigurationName = Release;
		};
/* End XCConfigurationList section */
	};
	rootObject = 7169AA0428F013A600920F27 /* Project object */;
}
